
Microsoft Visual Studio Solution File, Format Version 12.00
# Visual Studio for Mac
Project("{FAE04EC0-301F-11D3-BF4B-00C04F79EFBC}") = "House Walkthrough", "House Walkthrough.csproj", "{D6303E8A-BFBA-D83B-3929-7E8615A3DDCD}"
EndProject
Project("{FAE04EC0-301F-11D3-BF4B-00C04F79EFBC}") = "House Walkthrough.Editor", "House Walkthrough.Editor.csproj", "{A6B3440F-00BF-A5F7-DC5E-8173F5838B52}"
EndProject
Global
	GlobalSection(SolutionConfigurationPlatforms) = preSolution
		Debug|Any CPU = Debug|Any CPU
		Release|Any CPU = Release|Any CPU
	EndGlobalSection
	GlobalSection(ProjectConfigurationPlatforms) = postSolution
		{D6303E8A-BFBA-D83B-3929-7E8615A3DDCD}.Debug|Any CPU.ActiveCfg = Debug|Any CPU
		{D6303E8A-BFBA-D83B-3929-7E8615A3DDCD}.Debug|Any CPU.Build.0 = Debug|Any CPU
		{D6303E8A-BFBA-D83B-3929-7E8615A3DDCD}.Release|Any CPU.ActiveCfg = Release|Any CPU
		{D6303E8A-BFBA-D83B-3929-7E8615A3DDCD}.Release|Any CPU.Build.0 = Release|Any CPU
		{A6B3440F-00BF-A5F7-DC5E-8173F5838B52}.Debug|Any CPU.ActiveCfg = Debug|Any CPU
		{A6B3440F-00BF-A5F7-DC5E-8173F5838B52}.Debug|Any CPU.Build.0 = Debug|Any CPU
		{A6B3440F-00BF-A5F7-DC5E-8173F5838B52}.Release|Any CPU.ActiveCfg = Release|Any CPU
		{A6B3440F-00BF-A5F7-DC5E-8173F5838B52}.Release|Any CPU.Build.0 = Release|Any CPU
	EndGlobalSection
	GlobalSection(SolutionProperties) = preSolution
		HideSolutionNode = FALSE
	EndGlobalSection
EndGlobal
